<?xml version="1.0" encoding="utf-8"?>
<Project ToolsVersion="4.0" xmlns="http://schemas.microsoft.com/developer/msbuild/2003">
  <ItemGroup>
    <Filter Include="Source Files">
      <UniqueIdentifier>{4FC737F1-C7A5-4376-A066-2A32D752A2FF}</UniqueIdentifier>
      <Extensions>cpp;c;cc;cxx;c++;cppm;ixx;def;odl;idl;hpj;bat;asm;asmx</Extensions>
    </Filter>
    <Filter Include="Header Files">
      <UniqueIdentifier>{93995380-89BD-4b04-88EB-625FBE52EBFB}</UniqueIdentifier>
      <Extensions>h;hh;hpp;hxx;h++;hm;inl;inc;ipp;xsd</Extensions>
    </Filter>
    <Filter Include="Resource Files">
      <UniqueIdentifier>{67DA6AB6-F800-4c08-8B7A-83BB121AAD01}</UniqueIdentifier>
      <Extensions>rc;ico;cur;bmp;dlg;rc2;rct;bin;rgs;gif;jpg;jpeg;jpe;resx;tiff;tif;png;wav;mfcribbon-ms</Extensions>
    </Filter>
  </ItemGroup>
  <ItemGroup>
    <ClCompile Include="main.cpp">
      <Filter>Source Files</Filter>
    </ClCompile>
    <ClCompile Include="Util.cpp">
      <Filter>Source Files</Filter>
    </ClCompile>
    <ClCompile Include="DirectoryView.cpp">
      <Filter>Source Files</Filter>
    </ClCompile>
    <ClCompile Include="BackgroundTexture.cpp">
      <Filter>Source Files</Filter>
    </ClCompile>
    <ClCompile Include="Arrow.cpp">
      <Filter>Source Files</Filter>
    </ClCompile>
    <ClCompile Include="Input.cpp">
      <Filter>Source Files</Filter>
    </ClCompile>
    <ClCompile Include="Label.cpp">
      <Filter>Source Files</Filter>
    </ClCompile>
    <ClCompile Include="DirectoryViewManager.cpp">
      <Filter>Source Files</Filter>
    </ClCompile>
    <ClCompile Include="ImageView.cpp">
      <Filter>Source Files</Filter>
    </ClCompile>
    <ClCompile Include="Application.cpp">
      <Filter>Source Files</Filter>
    </ClCompile>
    <ClCompile Include="Animation.cpp">
      <Filter>Source Files</Filter>
    </ClCompile>
    <ClCompile Include="FlyThrough.cpp">
      <Filter>Source Files</Filter>
    </ClCompile>
    <ClCompile Include="Flipbook.cpp">
      <Filter>Source Files</Filter>
    </ClCompile>
    <ClCompile Include="SoundEffectManager.cpp">
      <Filter>Source Files</Filter>
    </ClCompile>
  </ItemGroup>
  <ItemGroup>
    <ClInclude Include="Util.h">
      <Filter>Source Files</Filter>
    </ClInclude>
    <ClInclude Include="DirectoryView.h">
      <Filter>Source Files</Filter>
    </ClInclude>
    <ClInclude Include="BackgroundTexture.h">
      <Filter>Source Files</Filter>
    </ClInclude>
    <ClInclude Include="Arrow.h">
      <Filter>Source Files</Filter>
    </ClInclude>
    <ClInclude Include="Input.h">
      <Filter>Source Files</Filter>
    </ClInclude>
    <ClInclude Include="Label.h">
      <Filter>Source Files</Filter>
    </ClInclude>
    <ClInclude Include="DirectoryViewManager.h">
      <Filter>Source Files</Filter>
    </ClInclude>
    <ClInclude Include="ImageView.h">
      <Filter>Source Files</Filter>
    </ClInclude>
    <ClInclude Include="Application.h">
      <Filter>Source Files</Filter>
    </ClInclude>
    <ClInclude Include="Animation.h">
      <Filter>Source Files</Filter>
    </ClInclude>
    <ClInclude Include="FlyThrough.h">
      <Filter>Source Files</Filter>
    </ClInclude>
    <ClInclude Include="Flipbook.h">
      <Filter>Source Files</Filter>
    </ClInclude>
    <ClInclude Include="SoundEffectManager.h">
      <Filter>Source Files</Filter>
    </ClInclude>
  </ItemGroup>
</Project>